// !$*UTF8*$!
{
	archiveVersion = 1;
	classes = {
	};
	objectVersion = 46;
	objects = {

/* Begin PBXBuildFile section */
		1ED061651A4797CB0052C127 /* AppDelegate.swift in Sources */ = {isa = PBXBuildFile; fileRef = 1ED061641A4797CB0052C127 /* AppDelegate.swift */; };
		1ED061671A4797CB0052C127 /* ViewController.swift in Sources */ = {isa = PBXBuildFile; fileRef = 1ED061661A4797CB0052C127 /* ViewController.swift */; };
		1ED0616A1A4797CB0052C127 /* Main.storyboard in Resources */ = {isa = PBXBuildFile; fileRef = 1ED061681A4797CB0052C127 /* Main.storyboard */; };
		1ED0616C1A4797CB0052C127 /* Images.xcassets in Resources */ = {isa = PBXBuildFile; fileRef = 1ED0616B1A4797CB0052C127 /* Images.xcassets */; };
		1ED0616F1A4797CB0052C127 /* LaunchScreen.xib in Resources */ = {isa = PBXBuildFile; fileRef = 1ED0616D1A4797CB0052C127 /* LaunchScreen.xib */; };
		1ED0617B1A4797CB0052C127 /* SwipeMeTests.swift in Sources */ = {isa = PBXBuildFile; fileRef = 1ED0617A1A4797CB0052C127 /* SwipeMeTests.swift */; };
/* End PBXBuildFile section */

/* Begin PBXContainerItemProxy section */
		1ED061751A4797CB0052C127 /* PBXContainerItemProxy */ = {
			isa = PBXContainerItemProxy;
			containerPortal = 1ED061571A4797CB0052C127 /* Project object */;
			proxyType = 1;
			remoteGlobalIDString = 1ED0615E1A4797CB0052C127;
			remoteInfo = SwipeMe;
		};
/* End PBXContainerItemProxy section */

/* Begin PBXFileReference section */
		1ED0615F1A4797CB0052C127 /* SwipeMe.app */ = {isa = PBXFileReference; explicitFileType = wrapper.application; includeInIndex = 0; path = SwipeMe.app; sourceTree = BUILT_PRODUCTS_DIR; };
		1ED061631A4797CB0052C127 /* Info.plist */ = {isa = PBXFileReference; lastKnownFileType = text.plist.xml; path = Info.plist; sourceTree = "<group>"; };
		1ED061641A4797CB0052C127 /* AppDelegate.swift */ = {isa = PBXFileReference; lastKnownFileType = sourcecode.swift; path = AppDelegate.swift; sourceTree = "<group>"; };
		1ED061661A4797CB0052C127 /* ViewController.swift */ = {isa = PBXFileReference; lastKnownFileType = sourcecode.swift; path = ViewController.swift; sourceTree = "<group>"; };
		1ED061691A4797CB0052C127 /* Base */ = {isa = PBXFileReference; lastKnownFileType = file.storyboard; name = Base; path = Base.lproj/Main.storyboard; sourceTree = "<group>"; };
		1ED0616B1A4797CB0052C127 /* Images.xcassets */ = {isa = PBXFileReference; lastKnownFileType = folder.assetcatalog; path = Images.xcassets; sourceTree = "<group>"; };
		1ED0616E1A4797CB0052C127 /* Base */ = {isa = PBXFileReference; lastKnownFileType = file.xib; name = Base; path = Base.lproj/LaunchScreen.xib; sourceTree = "<group>"; };
		1ED061741A4797CB0052C127 /* SwipeMeTests.xctest */ = {isa = PBXFileReference; explicitFileType = wrapper.cfbundle; includeInIndex = 0; path = SwipeMeTests.xctest; sourceTree = BUILT_PRODUCTS_DIR; };
		1ED061791A4797CB0052C127 /* Info.plist */ = {isa = PBXFileReference; lastKnownFileType = text.plist.xml; path = Info.plist; sourceTree = "<group>"; };
		1ED0617A1A4797CB0052C127 /* SwipeMeTests.swift */ = {isa = PBXFileReference; lastKnownFileType = sourcecode.swift; path = SwipeMeTests.swift; sourceTree = "<group>"; };
/* End PBXFileReference section */

/* Begin PBXFrameworksBuildPhase section */
		1ED0615C1A4797CB0052C127 /* Frameworks */ = {
			isa = PBXFrameworksBuildPhase;
			buildActionMask = 2147483647;
			files = (
			);
			runOnlyForDeploymentPostprocessing = 0;
		};
		1ED061711A4797CB0052C127 /* Frameworks */ = {
			isa = PBXFrameworksBuildPhase;
			buildActionMask = 2147483647;
			files = (
			);
			runOnlyForDeploymentPostprocessing = 0;
		};
/* End PBXFrameworksBuildPhase section */

/* Begin PBXGroup section */
		1ED061561A4797CB0052C127 = {
			isa = PBXGroup;
			children = (
				1ED061611A4797CB0052C127 /* SwipeMe */,
				1ED061771A4797CB0052C127 /* SwipeMeTests */,
				1ED061601A4797CB0052C127 /* Products */,
			);
			sourceTree = "<group>";
		};
		1ED061601A4797CB0052C127 /* Products */ = {
			isa = PBXGroup;
			children = (
				1ED0615F1A4797CB0052C127 /* SwipeMe.app */,
				1ED061741A4797CB0052C127 /* SwipeMeTests.xctest */,
			);
			name = Products;
			sourceTree = "<group>";
		};
		1ED061611A4797CB0052C127 /* SwipeMe */ = {
			isa = PBXGroup;
			children = (
				1ED061641A4797CB0052C127 /* AppDelegate.swift */,
				1ED061661A4797CB0052C127 /* ViewController.swift */,
				1ED061681A4797CB0052C127 /* Main.storyboard */,
				1ED0616B1A4797CB0052C127 /* Images.xcassets */,
				1ED0616D1A4797CB0052C127 /* LaunchScreen.xib */,
				1ED061621A4797CB0052C127 /* Supporting Files */,
			);
			path = SwipeMe;
			sourceTree = "<group>";
		};
		1ED061621A4797CB0052C127 /* Supporting Files */ = {
			isa = PBXGroup;
			children = (
				1ED061631A4797CB0052C127 /* Info.plist */,
			);
			name = "Supporting Files";
			sourceTree = "<group>";
		};
		1ED061771A4797CB0052C127 /* SwipeMeTests */ = {
			isa = PBXGroup;
			children = (
				1ED0617A1A4797CB0052C127 /* SwipeMeTests.swift */,
				1ED061781A4797CB0052C127 /* Supporting Files */,
			);
			path = SwipeMeTests;
			sourceTree = "<group>";
		};
		1ED061781A4797CB0052C127 /* Supporting Files */ = {
			isa = PBXGroup;
			children = (
				1ED061791A4797CB0052C127 /* Info.plist */,
			);
			name = "Supporting Files";
			sourceTree = "<group>";
		};
/* End PBXGroup section */

/* Begin PBXNativeTarget section */
		1ED0615E1A4797CB0052C127 /* SwipeMe */ = {
			isa = PBXNativeTarget;
			buildConfigurationList = 1ED0617E1A4797CB0052C127 /* Build configuration list for PBXNativeTarget "SwipeMe" */;
			buildPhases = (
				1ED0615B1A4797CB0052C127 /* Sources */,
				1ED0615C1A4797CB0052C127 /* Frameworks */,
				1ED0615D1A4797CB0052C127 /* Resources */,
			);
			buildRules = (
			);
			dependencies = (
			);
			name = SwipeMe;
			productName = SwipeMe;
			productReference = 1ED0615F1A4797CB0052C127 /* SwipeMe.app */;
			productType = "com.apple.product-type.application";
		};
		1ED061731A4797CB0052C127 /* SwipeMeTests */ = {
			isa = PBXNativeTarget;
			buildConfigurationList = 1ED061811A4797CB0052C127 /* Build configuration list for PBXNativeTarget "SwipeMeTests" */;
			buildPhases = (
				1ED061701A4797CB0052C127 /* Sources */,
				1ED061711A4797CB0052C127 /* Frameworks */,
				1ED061721A4797CB0052C127 /* Resources */,
			);
			buildRules = (
			);
			dependencies = (
				1ED061761A4797CB0052C127 /* PBXTargetDependency */,
			);
			name = SwipeMeTests;
			productName = SwipeMeTests;
			productReference = 1ED061741A4797CB0052C127 /* SwipeMeTests.xctest */;
			productType = "com.apple.product-type.bundle.unit-test";
		};
/* End PBXNativeTarget section */

/* Begin PBXProject section */
		1ED061571A4797CB0052C127 /* Project object */ = {
			isa = PBXProject;
			attributes = {
				LastUpgradeCheck = 0610;
				ORGANIZATIONNAME = OakmontTech;
				TargetAttributes = {
					1ED0615E1A4797CB0052C127 = {
						CreatedOnToolsVersion = 6.1.1;
					};
					1ED061731A4797CB0052C127 = {
						CreatedOnToolsVersion = 6.1.1;
						TestTargetID = 1ED0615E1A4797CB0052C127;
					};
				};
			};
			buildConfigurationList = 1ED0615A1A4797CB0052C127 /* Build configuration list for PBXProject "SwipeMe" */;
			compatibilityVersion = "Xcode 3.2";
			developmentRegion = English;
			hasScannedForEncodings = 0;
			knownRegions = (
				en,
				Base,
			);
			mainGroup = 1ED061561A4797CB0052C127;
			productRefGroup = 1ED061601A4797CB0052C127 /* Products */;
			projectDirPath = "";
			projectRoot = "";
			targets = (
				1ED0615E1A4797CB0052C127 /* SwipeMe */,
				1ED061731A4797CB0052C127 /* SwipeMeTests */,
			);
		};
/* End PBXProject section */

/* Begin PBXResourcesBuildPhase section */
		1ED0615D1A4797CB0052C127 /* Resources */ = {
			isa = PBXResourcesBuildPhase;
			buildActionMask = 2147483647;
			files = (
				1ED0616A1A4797CB0052C127 /* Main.storyboard in Resources */,
				1ED0616F1A4797CB0052C127 /* LaunchScreen.xib in Resources */,
				1ED0616C1A4797CB0052C127 /* Images.xcassets in Resources */,
			);
			runOnlyForDeploymentPostprocessing = 0;
		};
		1ED061721A4797CB0052C127 /* Resources */ = {
			isa = PBXResourcesBuildPhase;
			buildActionMask = 2147483647;
			files = (
			);
			runOnlyForDeploymentPostprocessing = 0;
		};
/* End PBXResourcesBuildPhase section */

/* Begin PBXSourcesBuildPhase section */
		1ED0615B1A4797CB0052C127 /* Sources */ = {
			isa = PBXSourcesBuildPhase;
			buildActionMask = 2147483647;
			files = (
				1ED061671A4797CB0052C127 /* ViewController.swift in Sources */,
				1ED061651A4797CB0052C127 /* AppDelegate.swift in Sources */,
			);
			runOnlyForDeploymentPostprocessing = 0;
		};
		1ED061701A4797CB0052C127 /* Sources */ = {
			isa = PBXSourcesBuildPhase;
			buildActionMask = 2147483647;
			files = (
				1ED0617B1A4797CB0052C127 /* SwipeMeTests.swift in Sources */,
			);
			runOnlyForDeploymentPostprocessing = 0;
		};
/* End PBXSourcesBuildPhase section */

/* Begin PBXTargetDependency section */
		1ED061761A4797CB0052C127 /* PBXTargetDependency */ = {
			isa = PBXTargetDependency;
			target = 1ED0615E1A4797CB0052C127 /* SwipeMe */;
			targetProxy = 1ED061751A4797CB0052C127 /* PBXContainerItemProxy */;
		};
/* End PBXTargetDependency section */

/* Begin PBXVariantGroup section */
		1ED061681A4797CB0052C127 /* Main.storyboard */ = {
			isa = PBXVariantGroup;
			children = (
				1ED061691A4797CB0052C127 /* Base */,
			);
			name = Main.storyboard;
			sourceTree = "<group>";
		};
		1ED0616D1A4797CB0052C127 /* LaunchScreen.xib */ = {
			isa = PBXVariantGroup;
			children = (
				1ED0616E1A4797CB0052C127 /* Base */,
			);
			name = LaunchScreen.xib;
			sourceTree = "<group>";
		};
/* End PBXVariantGroup section */

/* Begin XCBuildConfiguration section */
		1ED0617C1A4797CB0052C127 /* Debug */ = {
			isa = XCBuildConfiguration;
			buildSettings = {
				ALWAYS_SEARCH_USER_PATHS = NO;
				CLANG_CXX_LANGUAGE_STANDARD = "gnu++0x";
				CLANG_CXX_LIBRARY = "libc++";
				CLANG_ENABLE_MODULES = YES;
				CLANG_ENABLE_OBJC_ARC = YES;
				CLANG_WARN_BOOL_CONVERSION = YES;
				CLANG_WARN_CONSTANT_CONVERSION = YES;
				CLANG_WARN_DIRECT_OBJC_ISA_USAGE = YES_ERROR;
				CLANG_WARN_EMPTY_BODY = YES;
				CLANG_WARN_ENUM_CONVERSION = YES;
				CLANG_WARN_INT_CONVERSION = YES;
				CLANG_WARN_OBJC_ROOT_CLASS = YES_ERROR;
				CLANG_WARN_UNREACHABLE_CODE = YES;
				CLANG_WARN__DUPLICATE_METHOD_MATCH = YES;
				"CODE_SIGN_IDENTITY[sdk=iphoneos*]" = "iPhone Developer";
				COPY_PHASE_STRIP = NO;
				ENABLE_STRICT_OBJC_MSGSEND = YES;
				GCC_C_LANGUAGE_STANDARD = gnu99;
				GCC_DYNAMIC_NO_PIC = NO;
				GCC_OPTIMIZATION_LEVEL = 0;
				GCC_PREPROCESSOR_DEFINITIONS = (
					"DEBUG=1",
					"$(inherited)",
				);
				GCC_SYMBOLS_PRIVATE_EXTERN = NO;
				GCC_WARN_64_TO_32_BIT_CONVERSION = YES;
				GCC_WARN_ABOUT_RETURN_TYPE = YES_ERROR;
				GCC_WARN_UNDECLARED_SELECTOR = YES;
				GCC_WARN_UNINITIALIZED_AUTOS = YES_AGGRESSIVE;
				GCC_WARN_UNUSED_FUNCTION = YES;
				GCC_WARN_UNUSED_VARIABLE = YES;
				IPHONEOS_DEPLOYMENT_TARGET = 8.1;
				MTL_ENABLE_DEBUG_INFO = YES;
				ONLY_ACTIVE_ARCH = YES;
				SDKROOT = iphoneos;
				SWIFT_OPTIMIZATION_LEVEL = "-Onone";
			};
			name = Debug;
		};
		1ED0617D1A4797CB0052C127 /* Release */ = {
			isa = XCBuildConfiguration;
			buildSettings = {
				ALWAYS_SEARCH_USER_PATHS = NO;
				CLANG_CXX_LANGUAGE_STANDARD = "gnu++0x";
				CLANG_CXX_LIBRARY = "libc++";
				CLANG_ENABLE_MODULES = YES;
				CLANG_ENABLE_OBJC_ARC = YES;
				CLANG_WARN_BOOL_CONVERSION = YES;
				CLANG_WARN_CONSTANT_CONVERSION = YES;
				CLANG_WARN_DIRECT_OBJC_ISA_USAGE = YES_ERROR;
				CLANG_WARN_EMPTY_BODY = YES;
				CLANG_WARN_ENUM_CONVERSION = YES;
				CLANG_WARN_INT_CONVERSION = YES;
				CLANG_WARN_OBJC_ROOT_CLASS = YES_ERROR;
				CLANG_WARN_UNREACHABLE_CODE = YES;
				CLANG_WARN__DUPLICATE_METHOD_MATCH = YES;
				"CODE_SIGN_IDENTITY[sdk=iphoneos*]" = "iPhone Developer";
				COPY_PHASE_STRIP = YES;
				ENABLE_NS_ASSERTIONS = NO;
				ENABLE_STRICT_OBJC_MSGSEND = YES;
				GCC_C_LANGUAGE_STANDARD = gnu99;
				GCC_WARN_64_TO_32_BIT_CONVERSION = YES;
				GCC_WARN_ABOUT_RETURN_TYPE = YES_ERROR;
				GCC_WARN_UNDECLARED_SELECTOR = YES;
				GCC_WARN_UNINITIALIZED_AUTOS = YES_AGGRESSIVE;
				GCC_WARN_UNUSED_FUNCTION = YES;
				GCC_WARN_UNUSED_VARIABLE = YES;
				IPHONEOS_DEPLOYMENT_TARGET = 8.1;
				MTL_ENABLE_DEBUG_INFO = NO;
				SDKROOT = iphoneos;
				VALIDATE_PRODUCT = YES;
			};
			name = Release;
		};
		1ED0617F1A4797CB0052C127 /* Debug */ = {
			isa = XCBuildConfiguration;
			buildSettings = {
				ASSETCATALOG_COMPILER_APPICON_NAME = AppIcon;
				INFOPLIST_FILE = SwipeMe/Info.plist;
				LD_RUNPATH_SEARCH_PATHS = "$(inherited) @executable_path/Frameworks";
				PRODUCT_NAME = "$(TARGET_NAME)";
			};
			name = Debug;
		};
		1ED061801A4797CB0052C127 /* Release */ = {
			isa = XCBuildConfiguration;
			buildSettings = {
				ASSETCATALOG_COMPILER_APPICON_NAME = AppIcon;
				INFOPLIST_FILE = SwipeMe/Info.plist;
				LD_RUNPATH_SEARCH_PATHS = "$(inherited) @executable_path/Frameworks";
				PRODUCT_NAME = "$(TARGET_NAME)";
			};
			name = Release;
		};
		1ED061821A4797CB0052C127 /* Debug */ = {
			isa = XCBuildConfiguration;
			buildSettings = {
				BUNDLE_LOADER = "$(TEST_HOST)";
				FRAMEWORK_SEARCH_PATHS = (
					"$(SDKROOT)/Developer/Library/Frameworks",
					"$(inherited)",
				);
				GCC_PREPROCESSOR_DEFINITIONS = (
					"DEBUG=1",
					"$(inherited)",
				);
				INFOPLIST_FILE = SwipeMeTests/Info.plist;
				LD_RUNPATH_SEARCH_PATHS = "$(inherited) @executable_path/Frameworks @loader_path/Frameworks";
				PRODUCT_NAME = "$(TARGET_NAME)";
				TEST_HOST = "$(BUILT_PRODUCTS_DIR)/SwipeMe.app/SwipeMe";
			};
			name = Debug;
		};
		1ED061831A4797CB0052C127 /* Release */ = {
			isa = XCBuildConfiguration;
			buildSettings = {
				BUNDLE_LOADER = "$(TEST_HOST)";
				FRAMEWORK_SEARCH_PATHS = (
					"$(SDKROOT)/Developer/Library/Frameworks",
					"$(inherited)",
				);
				INFOPLIST_FILE = SwipeMeTests/Info.plist;
				LD_RUNPATH_SEARCH_PATHS = "$(inherited) @executable_path/Frameworks @loader_path/Frameworks";
				PRODUCT_NAME = "$(TARGET_NAME)";
				TEST_HOST = "$(BUILT_PRODUCTS_DIR)/SwipeMe.app/SwipeMe";
			};
			name = Release;
		};
/* End XCBuildConfiguration section */

/* Begin XCConfigurationList section */
		1ED0615A1A4797CB0052C127 /* Build configuration list for PBXProject "SwipeMe" */ = {
			isa = XCConfigurationList;
			buildConfigurations = (
				1ED0617C1A4797CB0052C127 /* Debug */,
				1ED0617D1A4797CB0052C127 /* Release */,
			);
			defaultConfigurationIsVisible = 0;
			defaultConfigurationName = Release;
		};
		1ED0617E1A4797CB0052C127 /* Build configuration list for PBXNativeTarget "SwipeMe" */ = {
			isa = XCConfigurationList;
			buildConfigurations = (
				1ED0617F1A4797CB0052C127 /* Debug */,
				1ED061801A4797CB0052C127 /* Release */,
			);
			defaultConfigurationIsVisible = 0;
		};
		1ED061811A4797CB0052C127 /* Build configuration list for PBXNativeTarget "SwipeMeTests" */ = {
			isa = XCConfigurationList;
			buildConfigurations = (
				1ED061821A4797CB0052C127 /* Debug */,
				1ED061831A4797CB0052C127 /* Release */,
			);
			defaultConfigurationIsVisible = 0;
		};
/* End XCConfigurationList section */
	};
	rootObject = 1ED061571A4797CB0052C127 /* Project object */;
}
